
Microsoft Visual Studio Solution File, Format Version 12.00
Project("{FAE04EC0-301F-11D3-BF4B-00C04F79EFBC}") = "FibonacciFirst", "src\FibonacciFirst\FibonacciFirst.csproj", "{948138F6-97B9-44F6-8BF7-B4B27D948A98}"
EndProject
Project("{FAE04EC0-301F-11D3-BF4B-00C04F79EFBC}") = "FibonacciSecond", "src\FibonacciSecond\FibonacciSecond.csproj", "{D61423BC-5CE3-4896-A3C3-67CEB66FB277}"
EndProject
Project("{2150E333-8FDC-42A3-9474-1A3956D46DE8}") = "src", "src", "{740F8521-8816-441B-A951-D170E1AE8BEF}"
EndProject
Global
	GlobalSection(SolutionConfigurationPlatforms) = preSolution
		Debug|Any CPU = Debug|Any CPU
		Release|Any CPU = Release|Any CPU
	EndGlobalSection
	GlobalSection(ProjectConfigurationPlatforms) = postSolution
		{948138F6-97B9-44F6-8BF7-B4B27D948A98}.Debug|Any CPU.ActiveCfg = Debug|Any CPU
		{948138F6-97B9-44F6-8BF7-B4B27D948A98}.Debug|Any CPU.Build.0 = Debug|Any CPU
		{948138F6-97B9-44F6-8BF7-B4B27D948A98}.Release|Any CPU.ActiveCfg = Release|Any CPU
		{948138F6-97B9-44F6-8BF7-B4B27D948A98}.Release|Any CPU.Build.0 = Release|Any CPU
		{D61423BC-5CE3-4896-A3C3-67CEB66FB277}.Debug|Any CPU.ActiveCfg = Debug|Any CPU
		{D61423BC-5CE3-4896-A3C3-67CEB66FB277}.Debug|Any CPU.Build.0 = Debug|Any CPU
		{D61423BC-5CE3-4896-A3C3-67CEB66FB277}.Release|Any CPU.ActiveCfg = Release|Any CPU
		{D61423BC-5CE3-4896-A3C3-67CEB66FB277}.Release|Any CPU.Build.0 = Release|Any CPU
	EndGlobalSection
	GlobalSection(NestedProjects) = preSolution
		{948138F6-97B9-44F6-8BF7-B4B27D948A98} = {740F8521-8816-441B-A951-D170E1AE8BEF}
		{D61423BC-5CE3-4896-A3C3-67CEB66FB277} = {740F8521-8816-441B-A951-D170E1AE8BEF}
	EndGlobalSection
EndGlobal
